
Microsoft Visual Studio Solution File, Format Version 12.00
# Visual Studio Version 16
VisualStudioVersion = 16.0.31911.196
MinimumVisualStudioVersion = 10.0.40219.1
Project("{9A19103F-16F7-4668-BE54-9A1E7A4F7556}") = "Lessons", "Lessons.csproj", "{44621B11-BAD5-4F61-954E-1FF6B513564C}"
EndProject
Global
	GlobalSection(SolutionConfigurationPlatforms) = preSolution
		Debug|Any CPU = Debug|Any CPU
		Release|Any CPU = Release|Any CPU
	EndGlobalSection
	GlobalSection(ProjectConfigurationPlatforms) = postSolution
		{44621B11-BAD5-4F61-954E-1FF6B513564C}.Debug|Any CPU.ActiveCfg = Debug|Any CPU
		{44621B11-BAD5-4F61-954E-1FF6B513564C}.Debug|Any CPU.Build.0 = Debug|Any CPU
		{44621B11-BAD5-4F61-954E-1FF6B513564C}.Release|Any CPU.ActiveCfg = Release|Any CPU
		{44621B11-BAD5-4F61-954E-1FF6B513564C}.Release|Any CPU.Build.0 = Release|Any CPU
	EndGlobalSection
	GlobalSection(SolutionProperties) = preSolution
		HideSolutionNode = FALSE
	EndGlobalSection
	GlobalSection(ExtensibilityGlobals) = postSolution
		SolutionGuid = {0006F288-7E02-4659-A6BD-FB62662B9656}
	EndGlobalSection
EndGlobal
